{
	"name": "@tefact/feature-form",
	"version": "0.0.1-alpha.18",
	"lockfileVersion": 1,
	"requires": true,
	"dependencies": {
		"@tefact/core": {
			"version": "0.0.1-alpha.5",
			"resolved": "https://registry.npmjs.org/@tefact/core/-/core-0.0.1-alpha.5.tgz",
			"integrity": "sha512-R2bMwVzyOfAnJE7r4Kepo5wyKlcjnEzZq9pLhqrugy6G4cQIrntrWdduxszguzxmTGWxxr6Br9sAhG8uAdzROg==",
			"requires": {
				"@tefact/utils": "^0.0.1-alpha.2",
				"csstype": "^3.0.6",
				"eventemitter3": "^4.0.7",
				"lodash": "^4.17.20",
				"vue-property-decorator": "^9.1.2"
			}
		},
		"@tefact/feature-form": {
			"version": "0.0.1-alpha.5",
			"resolved": "https://registry.npmjs.org/@tefact/feature-form/-/feature-form-0.0.1-alpha.5.tgz",
			"integrity": "sha512-0onqlkdA345sVtQdufXqZD54m0CuDeZ28ysGMfS32RFAuz1QrQa7R+7G6AwIfMAVx9BpCGPKxCCt39PMdBclXQ==",
			"requires": {
				"@tefact/core": "^0.0.1-alpha.5",
				"@tefact/properties": "^0.0.1-alpha.5",
				"@tefact/ui": "^0.0.1-alpha.5",
				"@tefact/utils": "^0.0.1-alpha.2",
				"lodash": "^4.17.20",
				"vue": "^2.6.12",
				"vue-property-decorator": "^9.1.2",
				"vuedraggable": "^2.24.3"
			}
		},
		"@tefact/feature-page": {
			"version": "0.0.1-alpha.5",
			"resolved": "https://registry.npmjs.org/@tefact/feature-page/-/feature-page-0.0.1-alpha.5.tgz",
			"integrity": "sha512-ubrOnuQhYo1PAQj9QftpvhC6kFqY5EwCODuE62fQTejA03dORSoq1DoS4Oh3OA7p247TqoW1wLHC/SKEVEL5uw==",
			"requires": {
				"@tefact/core": "^0.0.1-alpha.5",
				"@tefact/feature-form": "^0.0.1-alpha.5",
				"@tefact/properties": "^0.0.1-alpha.5",
				"@tefact/ui": "^0.0.1-alpha.5",
				"@tefact/utils": "^0.0.1-alpha.2",
				"resize-detector": "^0.2.2",
				"vue": "^2.6.12",
				"vue-draggable-resizable-gorkys": "^2.4.4",
				"vue-property-decorator": "^9.1.2"
			}
		},
		"@tefact/properties": {
			"version": "0.0.1-alpha.5",
			"resolved": "https://registry.npmjs.org/@tefact/properties/-/properties-0.0.1-alpha.5.tgz",
			"integrity": "sha512-nt7QDAVR2Lo56/OGEw1+2lVDSYQNnT168p1ZVbtluU+5dOZIpgJCfiF5orrmU6Hs/WhrZmB4hQx3MTBk5JJZsA==",
			"requires": {
				"@tefact/core": "^0.0.1-alpha.5",
				"@tefact/feature-form": "^0.0.1-alpha.5",
				"@tefact/feature-page": "^0.0.1-alpha.5",
				"@tefact/ui": "^0.0.1-alpha.5",
				"@types/lodash": "^4.14.168",
				"lodash": "^4.17.20",
				"vue": "^2.6.12",
				"vue-property-decorator": "^9.1.2"
			}
		},
		"@tefact/ui": {
			"version": "0.0.1-alpha.5",
			"resolved": "https://registry.npmjs.org/@tefact/ui/-/ui-0.0.1-alpha.5.tgz",
			"integrity": "sha512-3LLFioFeekd2vdOCYTHScOs27CYbVT44XIihouRFe9U1SHqMknjFM2UrkaSwDHaP3+KbHCplt4qIPGFqAZiDdA==",
			"requires": {
				"@tefact/core": "^0.0.1-alpha.5",
				"element-ui": "^2.15.0",
				"vue": "^2.6.12",
				"vue-property-decorator": "^9.1.2",
				"vuedraggable": "^2.24.3"
			}
		},
		"@tefact/utils": {
			"version": "0.0.1-alpha.2",
			"resolved": "https://registry.npmjs.org/@tefact/utils/-/utils-0.0.1-alpha.2.tgz",
			"integrity": "sha512-Nmx0IMsD01zP+1dUpiSfGXK0oNa0kqMEgk6impfLIOHrs6YeNAQwP/0ZztHVxKgmMa+/hTrqAsJeaXb0G3fCcA==",
			"requires": {
				"@types/uuid": "^8.3.0",
				"lodash": "^4.17.20",
				"uuid": "^8.3.2"
			}
		},
		"@types/lodash": {
			"version": "4.14.168",
			"resolved": "https://registry.npmjs.org/@types/lodash/-/lodash-4.14.168.tgz",
			"integrity": "sha512-oVfRvqHV/V6D1yifJbVRU3TMp8OT6o6BG+U9MkwuJ3U8/CsDHvalRpsxBqivn71ztOFZBTfJMvETbqHiaNSj7Q=="
		},
		"@types/uuid": {
			"version": "8.3.0",
			"resolved": "https://registry.npmjs.org/@types/uuid/-/uuid-8.3.0.tgz",
			"integrity": "sha512-eQ9qFW/fhfGJF8WKHGEHZEyVWfZxrT+6CLIJGBcZPfxUh/+BnEj+UCGYMlr9qZuX/2AltsvwrGqp0LhEW8D0zQ=="
		},
		"async-validator": {
			"version": "1.8.5",
			"resolved": "https://registry.npmjs.org/async-validator/-/async-validator-1.8.5.tgz",
			"integrity": "sha512-tXBM+1m056MAX0E8TL2iCjg8WvSyXu0Zc8LNtYqrVeyoL3+esHRZ4SieE9fKQyyU09uONjnMEjrNBMqT0mbvmA==",
			"requires": {
				"babel-runtime": "6.x"
			}
		},
		"babel-helper-vue-jsx-merge-props": {
			"version": "2.0.3",
			"resolved": "https://registry.npmjs.org/babel-helper-vue-jsx-merge-props/-/babel-helper-vue-jsx-merge-props-2.0.3.tgz",
			"integrity": "sha512-gsLiKK7Qrb7zYJNgiXKpXblxbV5ffSwR0f5whkPAaBAR4fhi6bwRZxX9wBlIc5M/v8CCkXUbXZL4N/nSE97cqg=="
		},
		"babel-runtime": {
			"version": "6.26.0",
			"resolved": "https://registry.npmjs.org/babel-runtime/-/babel-runtime-6.26.0.tgz",
			"integrity": "sha1-llxwWGaOgrVde/4E/yM3vItWR/4=",
			"requires": {
				"core-js": "^2.4.0",
				"regenerator-runtime": "^0.11.0"
			}
		},
		"core-js": {
			"version": "2.6.12",
			"resolved": "https://registry.npmjs.org/core-js/-/core-js-2.6.12.tgz",
			"integrity": "sha512-Kb2wC0fvsWfQrgk8HU5lW6U/Lcs8+9aaYcy4ZFc6DDlo4nZ7n70dEgE5rtR0oG6ufKDUnrwfWL1mXR5ljDatrQ=="
		},
		"csstype": {
			"version": "3.0.7",
			"resolved": "https://registry.npmjs.org/csstype/-/csstype-3.0.7.tgz",
			"integrity": "sha512-KxnUB0ZMlnUWCsx2Z8MUsr6qV6ja1w9ArPErJaJaF8a5SOWoHLIszeCTKGRGRgtLgYrs1E8CHkNSP1VZTTPc9g=="
		},
		"deepmerge": {
			"version": "1.5.2",
			"resolved": "https://registry.npmjs.org/deepmerge/-/deepmerge-1.5.2.tgz",
			"integrity": "sha512-95k0GDqvBjZavkuvzx/YqVLv/6YYa17fz6ILMSf7neqQITCPbnfEnQvEgMPNjH4kgobe7+WIL0yJEHku+H3qtQ=="
		},
		"element-ui": {
			"version": "2.15.1",
			"resolved": "https://registry.npmjs.org/element-ui/-/element-ui-2.15.1.tgz",
			"integrity": "sha512-TqlScAKGH97XndSScUDeEHIzL1x7yg7DvQdKPEOUdiDcyIz3y3FJJBlpHYaJT96FOn1xpIcUZb+I2FJeU9EcrQ==",
			"requires": {
				"async-validator": "~1.8.1",
				"babel-helper-vue-jsx-merge-props": "^2.0.0",
				"deepmerge": "^1.2.0",
				"normalize-wheel": "^1.0.1",
				"resize-observer-polyfill": "^1.5.0",
				"throttle-debounce": "^1.0.1"
			}
		},
		"eventemitter3": {
			"version": "4.0.7",
			"resolved": "https://registry.npmjs.org/eventemitter3/-/eventemitter3-4.0.7.tgz",
			"integrity": "sha512-8guHBZCwKnFhYdHr2ysuRWErTwhoN2X8XELRlrRwpmfeY2jjuUN4taQMsULKUVo1K4DvZl+0pgfyoysHxvmvEw=="
		},
		"lodash": {
			"version": "4.17.20",
			"resolved": "https://registry.npmjs.org/lodash/-/lodash-4.17.20.tgz",
			"integrity": "sha512-PlhdFcillOINfeV7Ni6oF1TAEayyZBoZ8bcshTHqOYJYlrqzRK5hagpagky5o4HfCzzd1TRkXPMFq6cKk9rGmA=="
		},
		"normalize-wheel": {
			"version": "1.0.1",
			"resolved": "https://registry.npmjs.org/normalize-wheel/-/normalize-wheel-1.0.1.tgz",
			"integrity": "sha1-rsiGr/2wRQcNhWRH32Ls+GFG7EU="
		},
		"regenerator-runtime": {
			"version": "0.11.1",
			"resolved": "https://registry.npmjs.org/regenerator-runtime/-/regenerator-runtime-0.11.1.tgz",
			"integrity": "sha512-MguG95oij0fC3QV3URf4V2SDYGJhJnJGqvIIgdECeODCT98wSWDAJ94SSuVpYQUoTcGUIL6L4yNB7j1DFFHSBg=="
		},
		"resize-detector": {
			"version": "0.2.2",
			"resolved": "https://registry.npmjs.org/resize-detector/-/resize-detector-0.2.2.tgz",
			"integrity": "sha512-X07ADfFqXoyfbx4/PSzr7EBF9e/RwrcS9UoPBMbau11agg5uad39ysMmXFCu0o5C3hhKbs0X/cSl85OwPIpZLQ=="
		},
		"resize-observer-polyfill": {
			"version": "1.5.1",
			"resolved": "https://registry.npmjs.org/resize-observer-polyfill/-/resize-observer-polyfill-1.5.1.tgz",
			"integrity": "sha512-LwZrotdHOo12nQuZlHEmtuXdqGoOD0OhaxopaNFxWzInpEgaLWoVuAMbTzixuosCx2nEG58ngzW3vxdWoxIgdg=="
		},
		"sortablejs": {
			"version": "1.10.2",
			"resolved": "https://registry.npmjs.org/sortablejs/-/sortablejs-1.10.2.tgz",
			"integrity": "sha512-YkPGufevysvfwn5rfdlGyrGjt7/CRHwvRPogD/lC+TnvcN29jDpCifKP+rBqf+LRldfXSTh+0CGLcSg0VIxq3A=="
		},
		"throttle-debounce": {
			"version": "1.1.0",
			"resolved": "https://registry.npmjs.org/throttle-debounce/-/throttle-debounce-1.1.0.tgz",
			"integrity": "sha512-XH8UiPCQcWNuk2LYePibW/4qL97+ZQ1AN3FNXwZRBNPPowo/NRU5fAlDCSNBJIYCKbioZfuYtMhG4quqoJhVzg=="
		},
		"typescript": {
			"version": "4.1.3",
			"resolved": "https://registry.npmjs.org/typescript/-/typescript-4.1.3.tgz",
			"integrity": "sha512-B3ZIOf1IKeH2ixgHhj6la6xdwR9QrLC5d1VKeCSY4tvkqhF2eqd9O7txNlS0PO3GrBAFIdr3L1ndNwteUbZLYg==",
			"dev": true
		},
		"uuid": {
			"version": "8.3.2",
			"resolved": "https://registry.npmjs.org/uuid/-/uuid-8.3.2.tgz",
			"integrity": "sha512-+NYs2QeMWy+GWFOEm9xnn6HCDp0l7QBD7ml8zLUmJ+93Q5NF0NocErnwkTkXVFNiX3/fpC6afS8Dhb/gz7R7eg=="
		},
		"vue": {
			"version": "2.6.12",
			"resolved": "https://registry.npmjs.org/vue/-/vue-2.6.12.tgz",
			"integrity": "sha512-uhmLFETqPPNyuLLbsKz6ioJ4q7AZHzD8ZVFNATNyICSZouqP2Sz0rotWQC8UNBF6VGSCs5abnKJoStA6JbCbfg=="
		},
		"vue-draggable-resizable-gorkys": {
			"version": "2.4.4",
			"resolved": "https://registry.npmjs.org/vue-draggable-resizable-gorkys/-/vue-draggable-resizable-gorkys-2.4.4.tgz",
			"integrity": "sha512-IGwk1W4mXN/adP+crmZyCnTm4j/UUVcDWcbkoxSNSYlGjdArhyLYayrC1vby+pGU8cgDg2FeiO+a5rMuYO3B+w==",
			"requires": {
				"core-js": "^2.6.11"
			}
		},
		"vue-property-decorator": {
			"version": "9.1.2",
			"resolved": "https://registry.npmjs.org/vue-property-decorator/-/vue-property-decorator-9.1.2.tgz",
			"integrity": "sha512-xYA8MkZynPBGd/w5QFJ2d/NM0z/YeegMqYTphy7NJQXbZcuU6FC6AOdUAcy4SXP+YnkerC6AfH+ldg7PDk9ESQ=="
		},
		"vuedraggable": {
			"version": "2.24.3",
			"resolved": "https://registry.npmjs.org/vuedraggable/-/vuedraggable-2.24.3.tgz",
			"integrity": "sha512-6/HDXi92GzB+Hcs9fC6PAAozK1RLt1ewPTLjK0anTYguXLAeySDmcnqE8IC0xa7shvSzRjQXq3/+dsZ7ETGF3g==",
			"requires": {
				"sortablejs": "1.10.2"
			}
		}
	}
}
