{
	"name": "@tefact/feature-form",
	"version": "0.0.1-alpha.5",
	"lockfileVersion": 1,
	"requires": true,
	"dependencies": {
		"@tefact/core": {
			"version": "0.0.1-alpha.0",
			"resolved": "https://npm.pkg.github.com/download/@tefact/core/0.0.1-alpha.0/b94ec7c4205cfc120494d24b25109daf8640c48823b132fbfe9c5120e6752c77",
			"integrity": "sha512-ZHH73MKxE4S7unUQiS63Ls9FzOu8NenVD9FRnUclnwC0SzyQsqXUxYqtiXAxV/dMhUR4cSooTZC+WGWot/aKKA==",
			"requires": {
				"@tefact/utils": "^0.0.1-alpha.0",
				"csstype": "^3.0.6",
				"eventemitter3": "^4.0.7",
				"lodash": "^4.17.20",
				"vue-property-decorator": "^9.1.2"
			}
		},
		"@tefact/feature-form": {
			"version": "0.0.1-alpha.0",
			"resolved": "https://npm.pkg.github.com/download/@tefact/feature-form/0.0.1-alpha.0/044d06687b504ab9e2ba95105fd57bab7441706d12b3f66671979bc0c9366054",
			"integrity": "sha512-/OrwAVypMMjJH/p2Y2UTjgEHnUQ7DhncBD8ETuub1VA5XA7Vq5WFK/a5cPym/5ysMvi1eZTl1p3J5fgPbOCO2g==",
			"requires": {
				"@tefact/core": "^0.0.1-alpha.0",
				"@tefact/properties": "^0.0.1-alpha.0",
				"@tefact/ui": "^0.0.1-alpha.0",
				"@tefact/utils": "^0.0.1-alpha.0",
				"lodash": "^4.17.20",
				"vue": "^2.6.12",
				"vue-property-decorator": "^9.1.2",
				"vuedraggable": "^2.24.3"
			}
		},
		"@tefact/feature-page": {
			"version": "0.0.1-alpha.0",
			"resolved": "https://npm.pkg.github.com/download/@tefact/feature-page/0.0.1-alpha.0/a6d22b7997c9e223619b86a3279f22e27129734fd0104c9950595bd16166d2bb",
			"integrity": "sha512-VuxgA91B2PLel+VdNrhkeBV3H9Pf7dedHGJQo71iTdl+VcLXPR2aiDXzB2L8YFxod+vODA5yedrXi9GG8NErKQ==",
			"requires": {
				"@tefact/core": "^0.0.1-alpha.0",
				"@tefact/feature-form": "^0.0.1-alpha.0",
				"@tefact/properties": "^0.0.1-alpha.0",
				"@tefact/ui": "^0.0.1-alpha.0",
				"@tefact/utils": "^0.0.1-alpha.0",
				"resize-detector": "^0.2.2",
				"vue": "^2.6.12",
				"vue-draggable-resizable-gorkys": "^2.4.4",
				"vue-property-decorator": "^9.1.2"
			}
		},
		"@tefact/properties": {
			"version": "0.0.1-alpha.0",
			"resolved": "https://npm.pkg.github.com/download/@tefact/properties/0.0.1-alpha.0/5dce98721dc41f965cb5fee2a3f209053f5072b7c8e233b92735cddc0cfce2e8",
			"integrity": "sha512-2n4GzorKiAjC7CCjc1620B0L28IrBOdCrZoXXGYch1CPY2vfG/YlDw4F9b2uIBok7Q1s7IKn75WmkVDedsqzbg==",
			"requires": {
				"@tefact/core": "^0.0.1-alpha.0",
				"@tefact/feature-form": "^0.0.1-alpha.0",
				"@tefact/feature-page": "^0.0.1-alpha.0",
				"@tefact/ui": "^0.0.1-alpha.0",
				"@types/lodash": "^4.14.168",
				"lodash": "^4.17.20",
				"vue": "^2.6.12",
				"vue-property-decorator": "^9.1.2"
			}
		},
		"@tefact/ui": {
			"version": "0.0.1-alpha.0",
			"resolved": "https://npm.pkg.github.com/download/@tefact/ui/0.0.1-alpha.0/ff5b14cb3da039b1af5a04748676455aa19fbae909967107bb337b1864852e02",
			"integrity": "sha512-V1/NRiiCdOUCzg5tAPtl8/sJhC/jXiS0I8QKU54UFMalg0Zq0Ecj+K0hCRfl+TQU3spDOMXDmQ1RKx39QBhmBw==",
			"requires": {
				"@tefact/core": "^0.0.1-alpha.0",
				"element-ui": "^2.15.0",
				"vue": "^2.6.12",
				"vue-property-decorator": "^9.1.2",
				"vuedraggable": "^2.24.3"
			}
		},
		"@tefact/utils": {
			"version": "0.0.1-alpha.0",
			"resolved": "https://npm.pkg.github.com/download/@tefact/utils/0.0.1-alpha.0/a28004ac9c89b7db3406a62aec25ad0fd1a64a610cca486880dc15542dc8ad0d",
			"integrity": "sha512-sGYh4LfShavXJlr2Y1mV7Z2EuoAx9hg9m5DYPCN5lNOp7UAF01ZR2GmPRaJOEAVCdMI/Vfi/c3GXr+QWwZlWfQ==",
			"requires": {
				"@types/uuid": "^8.3.0",
				"lodash": "^4.17.20",
				"uuid": "^8.3.2"
			}
		},
		"@types/lodash": {
			"version": "4.14.168",
			"resolved": "https://registry.npm.taobao.org/@types/lodash/download/@types/lodash-4.14.168.tgz",
			"integrity": "sha1-/iRjLnm3rePxMoka//hsql5c4Ag="
		},
		"@types/uuid": {
			"version": "8.3.0",
			"resolved": "https://registry.npm.taobao.org/@types/uuid/download/@types/uuid-8.3.0.tgz?cache=0&sync_timestamp=1613384833232&other_urls=https%3A%2F%2Fregistry.npm.taobao.org%2F%40types%2Fuuid%2Fdownload%2F%40types%2Fuuid-8.3.0.tgz",
			"integrity": "sha1-IVwjHf9zbVupJBDm1gIFDM5+Jz8="
		},
		"async-validator": {
			"version": "1.8.5",
			"resolved": "https://registry.npm.taobao.org/async-validator/download/async-validator-1.8.5.tgz?cache=0&sync_timestamp=1605751734916&other_urls=https%3A%2F%2Fregistry.npm.taobao.org%2Fasync-validator%2Fdownload%2Fasync-validator-1.8.5.tgz",
			"integrity": "sha1-3D4I7B/Q3dtn5ghC8CwM0c7G1/A=",
			"requires": {
				"babel-runtime": "6.x"
			}
		},
		"babel-helper-vue-jsx-merge-props": {
			"version": "2.0.3",
			"resolved": "https://registry.npm.taobao.org/babel-helper-vue-jsx-merge-props/download/babel-helper-vue-jsx-merge-props-2.0.3.tgz",
			"integrity": "sha1-Iq69OzOQIyjlEyk6jkmSs4T58bY="
		},
		"babel-runtime": {
			"version": "6.26.0",
			"resolved": "https://registry.npm.taobao.org/babel-runtime/download/babel-runtime-6.26.0.tgz",
			"integrity": "sha1-llxwWGaOgrVde/4E/yM3vItWR/4=",
			"requires": {
				"core-js": "^2.4.0",
				"regenerator-runtime": "^0.11.0"
			}
		},
		"core-js": {
			"version": "2.6.12",
			"resolved": "https://registry.npm.taobao.org/core-js/download/core-js-2.6.12.tgz",
			"integrity": "sha1-2TM9+nsGXjR8xWgiGdb2kIWcwuw="
		},
		"csstype": {
			"version": "3.0.7",
			"resolved": "https://registry.npm.taobao.org/csstype/download/csstype-3.0.7.tgz",
			"integrity": "sha1-Kl+3XhAV6E3RVpL3HomhRQKQlQs="
		},
		"deepmerge": {
			"version": "1.5.2",
			"resolved": "https://registry.npm.taobao.org/deepmerge/download/deepmerge-1.5.2.tgz",
			"integrity": "sha1-EEmdhohEza1P7ghC34x/bwyVp1M="
		},
		"element-ui": {
			"version": "2.15.1",
			"resolved": "https://registry.npm.taobao.org/element-ui/download/element-ui-2.15.1.tgz?cache=0&sync_timestamp=1614082623756&other_urls=https%3A%2F%2Fregistry.npm.taobao.org%2Felement-ui%2Fdownload%2Felement-ui-2.15.1.tgz",
			"integrity": "sha1-raAKpuMsAndKLndWPdhGaPgTzf8=",
			"requires": {
				"async-validator": "~1.8.1",
				"babel-helper-vue-jsx-merge-props": "^2.0.0",
				"deepmerge": "^1.2.0",
				"normalize-wheel": "^1.0.1",
				"resize-observer-polyfill": "^1.5.0",
				"throttle-debounce": "^1.0.1"
			}
		},
		"eventemitter3": {
			"version": "4.0.7",
			"resolved": "https://registry.npm.taobao.org/eventemitter3/download/eventemitter3-4.0.7.tgz?cache=0&sync_timestamp=1598517795415&other_urls=https%3A%2F%2Fregistry.npm.taobao.org%2Feventemitter3%2Fdownload%2Feventemitter3-4.0.7.tgz",
			"integrity": "sha1-Lem2j2Uo1WRO9cWVJqG0oHMGFp8="
		},
		"lodash": {
			"version": "4.17.20",
			"resolved": "https://registry.npmjs.org/lodash/-/lodash-4.17.20.tgz",
			"integrity": "sha512-PlhdFcillOINfeV7Ni6oF1TAEayyZBoZ8bcshTHqOYJYlrqzRK5hagpagky5o4HfCzzd1TRkXPMFq6cKk9rGmA=="
		},
		"normalize-wheel": {
			"version": "1.0.1",
			"resolved": "https://registry.npm.taobao.org/normalize-wheel/download/normalize-wheel-1.0.1.tgz",
			"integrity": "sha1-rsiGr/2wRQcNhWRH32Ls+GFG7EU="
		},
		"regenerator-runtime": {
			"version": "0.11.1",
			"resolved": "https://registry.npm.taobao.org/regenerator-runtime/download/regenerator-runtime-0.11.1.tgz?cache=0&sync_timestamp=1595456117883&other_urls=https%3A%2F%2Fregistry.npm.taobao.org%2Fregenerator-runtime%2Fdownload%2Fregenerator-runtime-0.11.1.tgz",
			"integrity": "sha1-vgWtf5v30i4Fb5cmzuUBf78Z4uk="
		},
		"resize-detector": {
			"version": "0.2.2",
			"resolved": "https://registry.npm.taobao.org/resize-detector/download/resize-detector-0.2.2.tgz",
			"integrity": "sha1-sgfnKRK+8L2p+4Jf6JTtlobKll4="
		},
		"resize-observer-polyfill": {
			"version": "1.5.1",
			"resolved": "https://registry.npm.taobao.org/resize-observer-polyfill/download/resize-observer-polyfill-1.5.1.tgz",
			"integrity": "sha1-DpAg3T0hAkRY1OvSfiPkAmmBBGQ="
		},
		"sortablejs": {
			"version": "1.10.2",
			"resolved": "https://registry.npmjs.org/sortablejs/-/sortablejs-1.10.2.tgz",
			"integrity": "sha512-YkPGufevysvfwn5rfdlGyrGjt7/CRHwvRPogD/lC+TnvcN29jDpCifKP+rBqf+LRldfXSTh+0CGLcSg0VIxq3A=="
		},
		"throttle-debounce": {
			"version": "1.1.0",
			"resolved": "https://registry.npm.taobao.org/throttle-debounce/download/throttle-debounce-1.1.0.tgz",
			"integrity": "sha1-UYU9o3vmihVctugns1FKPEIuic0="
		},
		"typescript": {
			"version": "4.1.3",
			"resolved": "https://registry.npmjs.org/typescript/-/typescript-4.1.3.tgz",
			"integrity": "sha512-B3ZIOf1IKeH2ixgHhj6la6xdwR9QrLC5d1VKeCSY4tvkqhF2eqd9O7txNlS0PO3GrBAFIdr3L1ndNwteUbZLYg==",
			"dev": true
		},
		"uuid": {
			"version": "8.3.2",
			"resolved": "https://registry.npm.taobao.org/uuid/download/uuid-8.3.2.tgz?cache=0&sync_timestamp=1607460209394&other_urls=https%3A%2F%2Fregistry.npm.taobao.org%2Fuuid%2Fdownload%2Fuuid-8.3.2.tgz",
			"integrity": "sha1-gNW1ztJxu5r2xEXyGhoExgbO++I="
		},
		"vue": {
			"version": "2.6.12",
			"resolved": "https://registry.npmjs.org/vue/-/vue-2.6.12.tgz",
			"integrity": "sha512-uhmLFETqPPNyuLLbsKz6ioJ4q7AZHzD8ZVFNATNyICSZouqP2Sz0rotWQC8UNBF6VGSCs5abnKJoStA6JbCbfg=="
		},
		"vue-draggable-resizable-gorkys": {
			"version": "2.4.4",
			"resolved": "https://registry.npm.taobao.org/vue-draggable-resizable-gorkys/download/vue-draggable-resizable-gorkys-2.4.4.tgz",
			"integrity": "sha1-Tau/zn9PLdClQ7izUVvkhcdrBGE=",
			"requires": {
				"core-js": "^2.6.11"
			}
		},
		"vue-property-decorator": {
			"version": "9.1.2",
			"resolved": "https://registry.npmjs.org/vue-property-decorator/-/vue-property-decorator-9.1.2.tgz",
			"integrity": "sha512-xYA8MkZynPBGd/w5QFJ2d/NM0z/YeegMqYTphy7NJQXbZcuU6FC6AOdUAcy4SXP+YnkerC6AfH+ldg7PDk9ESQ=="
		},
		"vuedraggable": {
			"version": "2.24.3",
			"resolved": "https://registry.npmjs.org/vuedraggable/-/vuedraggable-2.24.3.tgz",
			"integrity": "sha512-6/HDXi92GzB+Hcs9fC6PAAozK1RLt1ewPTLjK0anTYguXLAeySDmcnqE8IC0xa7shvSzRjQXq3/+dsZ7ETGF3g==",
			"requires": {
				"sortablejs": "1.10.2"
			}
		}
	}
}
