{
	"name": "@tefact/common",
	"version": "0.0.1",
	"lockfileVersion": 1,
	"requires": true,
	"dependencies": {
		"csstype": {
			"version": "3.0.6",
			"resolved": "https://registry.npmjs.org/csstype/-/csstype-3.0.6.tgz",
			"integrity": "sha512-+ZAmfyWMT7TiIlzdqJgjMb7S4f1beorDbWbsocyK4RaiqA5RTX3K14bnBWmmA9QEM0gRdsjyyrEmcyga8Zsxmw=="
		}
	}
}
