{
	"name": "@tefact/core",
	"version": "0.0.2-alpha.5",
	"lockfileVersion": 1,
	"requires": true,
	"dependencies": {
		"@tefact/utils": {
			"version": "0.0.3-alpha.3",
			"resolved": "https://npm.pkg.github.com/download/@tefact/utils/0.0.3-alpha.3/e2b2efb7d118680ace313dfa2a0b9811e137129cba45e46dd2fa97d7af652e45",
			"integrity": "sha512-eOSt0eiuzQQvU5TKodX5FCbqC0Ip1eOTC/7ngGfqjdBsEv6BYNc0jWfdDTQkcGdX4yWEmLJj+wfh3sUAr3qLvA==",
			"requires": {
				"@types/uuid": "^8.3.0",
				"lodash": "^4.17.20",
				"uuid": "^8.3.2"
			}
		},
		"@types/lodash": {
			"version": "4.14.168",
			"resolved": "https://registry.npmjs.org/@types/lodash/-/lodash-4.14.168.tgz",
			"integrity": "sha512-oVfRvqHV/V6D1yifJbVRU3TMp8OT6o6BG+U9MkwuJ3U8/CsDHvalRpsxBqivn71ztOFZBTfJMvETbqHiaNSj7Q==",
			"dev": true
		},
		"@types/uuid": {
			"version": "8.3.0",
			"resolved": "https://registry.npm.taobao.org/@types/uuid/download/@types/uuid-8.3.0.tgz?cache=0&sync_timestamp=1613384833232&other_urls=https%3A%2F%2Fregistry.npm.taobao.org%2F%40types%2Fuuid%2Fdownload%2F%40types%2Fuuid-8.3.0.tgz",
			"integrity": "sha1-IVwjHf9zbVupJBDm1gIFDM5+Jz8="
		},
		"csstype": {
			"version": "3.0.6",
			"resolved": "https://registry.npmjs.org/csstype/-/csstype-3.0.6.tgz",
			"integrity": "sha512-+ZAmfyWMT7TiIlzdqJgjMb7S4f1beorDbWbsocyK4RaiqA5RTX3K14bnBWmmA9QEM0gRdsjyyrEmcyga8Zsxmw=="
		},
		"eventemitter3": {
			"version": "4.0.7",
			"resolved": "https://registry.npmjs.org/eventemitter3/-/eventemitter3-4.0.7.tgz",
			"integrity": "sha512-8guHBZCwKnFhYdHr2ysuRWErTwhoN2X8XELRlrRwpmfeY2jjuUN4taQMsULKUVo1K4DvZl+0pgfyoysHxvmvEw=="
		},
		"lodash": {
			"version": "4.17.20",
			"resolved": "https://registry.npmjs.org/lodash/-/lodash-4.17.20.tgz",
			"integrity": "sha512-PlhdFcillOINfeV7Ni6oF1TAEayyZBoZ8bcshTHqOYJYlrqzRK5hagpagky5o4HfCzzd1TRkXPMFq6cKk9rGmA=="
		},
		"typescript": {
			"version": "4.1.3",
			"resolved": "https://registry.npmjs.org/typescript/-/typescript-4.1.3.tgz",
			"integrity": "sha512-B3ZIOf1IKeH2ixgHhj6la6xdwR9QrLC5d1VKeCSY4tvkqhF2eqd9O7txNlS0PO3GrBAFIdr3L1ndNwteUbZLYg==",
			"dev": true
		},
		"uuid": {
			"version": "8.3.2",
			"resolved": "https://registry.npm.taobao.org/uuid/download/uuid-8.3.2.tgz?cache=0&sync_timestamp=1607460209394&other_urls=https%3A%2F%2Fregistry.npm.taobao.org%2Fuuid%2Fdownload%2Fuuid-8.3.2.tgz",
			"integrity": "sha1-gNW1ztJxu5r2xEXyGhoExgbO++I="
		},
		"vue-property-decorator": {
			"version": "9.1.2",
			"resolved": "https://registry.npmjs.org/vue-property-decorator/-/vue-property-decorator-9.1.2.tgz",
			"integrity": "sha512-xYA8MkZynPBGd/w5QFJ2d/NM0z/YeegMqYTphy7NJQXbZcuU6FC6AOdUAcy4SXP+YnkerC6AfH+ldg7PDk9ESQ=="
		}
	}
}
