{
	"name": "@tefact/ui",
	"version": "0.0.1-alpha.6",
	"lockfileVersion": 1,
	"requires": true,
	"dependencies": {
		"@tefact/core": {
			"version": "0.0.3-alpha.5",
			"resolved": "https://npm.pkg.github.com/download/@tefact/core/0.0.3-alpha.5/d95cad6954c170405b0353196d831d4be7fc1b7d224b031d5ea4abd3bd66dcfc",
			"integrity": "sha1-19vqzqZAZ5ZxkLsg5rgvgAQMKC8=",
			"requires": {
				"@tefact/utils": "0.0.3-alpha.3",
				"csstype": "^3.0.6",
				"eventemitter3": "^4.0.7",
				"lodash": "^4.17.20",
				"vue-property-decorator": "^9.1.2"
			}
		},
		"@tefact/utils": {
			"version": "0.0.3-alpha.3",
			"resolved": "https://npm.pkg.github.com/download/@tefact/utils/0.0.3-alpha.3/e2b2efb7d118680ace313dfa2a0b9811e137129cba45e46dd2fa97d7af652e45",
			"integrity": "sha1-euvia6MVW2wh+8cmMccSQolFRWc=",
			"requires": {
				"@types/uuid": "^8.3.0",
				"lodash": "^4.17.20",
				"uuid": "^8.3.2"
			}
		},
		"@types/uuid": {
			"version": "8.3.0",
			"resolved": "https://registry.npm.taobao.org/@types/uuid/download/@types/uuid-8.3.0.tgz?cache=0&sync_timestamp=1613384833232&other_urls=https%3A%2F%2Fregistry.npm.taobao.org%2F%40types%2Fuuid%2Fdownload%2F%40types%2Fuuid-8.3.0.tgz",
			"integrity": "sha1-IVwjHf9zbVupJBDm1gIFDM5+Jz8="
		},
		"async-validator": {
			"version": "1.8.5",
			"resolved": "https://registry.npmjs.org/async-validator/-/async-validator-1.8.5.tgz",
			"integrity": "sha512-tXBM+1m056MAX0E8TL2iCjg8WvSyXu0Zc8LNtYqrVeyoL3+esHRZ4SieE9fKQyyU09uONjnMEjrNBMqT0mbvmA==",
			"requires": {
				"babel-runtime": "6.x"
			}
		},
		"babel-helper-vue-jsx-merge-props": {
			"version": "2.0.3",
			"resolved": "https://registry.npmjs.org/babel-helper-vue-jsx-merge-props/-/babel-helper-vue-jsx-merge-props-2.0.3.tgz",
			"integrity": "sha512-gsLiKK7Qrb7zYJNgiXKpXblxbV5ffSwR0f5whkPAaBAR4fhi6bwRZxX9wBlIc5M/v8CCkXUbXZL4N/nSE97cqg=="
		},
		"babel-runtime": {
			"version": "6.26.0",
			"resolved": "https://registry.npmjs.org/babel-runtime/-/babel-runtime-6.26.0.tgz",
			"integrity": "sha1-llxwWGaOgrVde/4E/yM3vItWR/4=",
			"requires": {
				"core-js": "^2.4.0",
				"regenerator-runtime": "^0.11.0"
			}
		},
		"core-js": {
			"version": "2.6.12",
			"resolved": "https://registry.npmjs.org/core-js/-/core-js-2.6.12.tgz",
			"integrity": "sha512-Kb2wC0fvsWfQrgk8HU5lW6U/Lcs8+9aaYcy4ZFc6DDlo4nZ7n70dEgE5rtR0oG6ufKDUnrwfWL1mXR5ljDatrQ=="
		},
		"csstype": {
			"version": "3.0.7",
			"resolved": "https://registry.npm.taobao.org/csstype/download/csstype-3.0.7.tgz",
			"integrity": "sha1-Kl+3XhAV6E3RVpL3HomhRQKQlQs="
		},
		"deepmerge": {
			"version": "1.5.2",
			"resolved": "https://registry.npmjs.org/deepmerge/-/deepmerge-1.5.2.tgz",
			"integrity": "sha512-95k0GDqvBjZavkuvzx/YqVLv/6YYa17fz6ILMSf7neqQITCPbnfEnQvEgMPNjH4kgobe7+WIL0yJEHku+H3qtQ=="
		},
		"element-ui": {
			"version": "2.15.0",
			"resolved": "https://registry.npmjs.org/element-ui/-/element-ui-2.15.0.tgz",
			"integrity": "sha512-9z/1+b7V8fvp08OnKUEW4/BZ72kT+IhuKR9cTMz3XoCTKmEsqLLb32XjbO/DznSFaaiFbOYU93G7WtkvrCAL9A==",
			"requires": {
				"async-validator": "~1.8.1",
				"babel-helper-vue-jsx-merge-props": "^2.0.0",
				"deepmerge": "^1.2.0",
				"normalize-wheel": "^1.0.1",
				"resize-observer-polyfill": "^1.5.0",
				"throttle-debounce": "^1.0.1"
			}
		},
		"eventemitter3": {
			"version": "4.0.7",
			"resolved": "https://registry.npm.taobao.org/eventemitter3/download/eventemitter3-4.0.7.tgz?cache=0&sync_timestamp=1598517795415&other_urls=https%3A%2F%2Fregistry.npm.taobao.org%2Feventemitter3%2Fdownload%2Feventemitter3-4.0.7.tgz",
			"integrity": "sha1-Lem2j2Uo1WRO9cWVJqG0oHMGFp8="
		},
		"lodash": {
			"version": "4.17.21",
			"resolved": "https://registry.npm.taobao.org/lodash/download/lodash-4.17.21.tgz",
			"integrity": "sha1-Z5WRxWTDv/quhFTPCz3zcMPWkRw="
		},
		"normalize-wheel": {
			"version": "1.0.1",
			"resolved": "https://registry.npmjs.org/normalize-wheel/-/normalize-wheel-1.0.1.tgz",
			"integrity": "sha1-rsiGr/2wRQcNhWRH32Ls+GFG7EU="
		},
		"regenerator-runtime": {
			"version": "0.11.1",
			"resolved": "https://registry.npmjs.org/regenerator-runtime/-/regenerator-runtime-0.11.1.tgz",
			"integrity": "sha512-MguG95oij0fC3QV3URf4V2SDYGJhJnJGqvIIgdECeODCT98wSWDAJ94SSuVpYQUoTcGUIL6L4yNB7j1DFFHSBg=="
		},
		"resize-observer-polyfill": {
			"version": "1.5.1",
			"resolved": "https://registry.npmjs.org/resize-observer-polyfill/-/resize-observer-polyfill-1.5.1.tgz",
			"integrity": "sha512-LwZrotdHOo12nQuZlHEmtuXdqGoOD0OhaxopaNFxWzInpEgaLWoVuAMbTzixuosCx2nEG58ngzW3vxdWoxIgdg=="
		},
		"throttle-debounce": {
			"version": "1.1.0",
			"resolved": "https://registry.npmjs.org/throttle-debounce/-/throttle-debounce-1.1.0.tgz",
			"integrity": "sha512-XH8UiPCQcWNuk2LYePibW/4qL97+ZQ1AN3FNXwZRBNPPowo/NRU5fAlDCSNBJIYCKbioZfuYtMhG4quqoJhVzg=="
		},
		"uuid": {
			"version": "8.3.2",
			"resolved": "https://registry.npm.taobao.org/uuid/download/uuid-8.3.2.tgz?cache=0&sync_timestamp=1607460209394&other_urls=https%3A%2F%2Fregistry.npm.taobao.org%2Fuuid%2Fdownload%2Fuuid-8.3.2.tgz",
			"integrity": "sha1-gNW1ztJxu5r2xEXyGhoExgbO++I="
		},
		"vue": {
			"version": "2.6.12",
			"resolved": "https://registry.npmjs.org/vue/-/vue-2.6.12.tgz",
			"integrity": "sha512-uhmLFETqPPNyuLLbsKz6ioJ4q7AZHzD8ZVFNATNyICSZouqP2Sz0rotWQC8UNBF6VGSCs5abnKJoStA6JbCbfg=="
		},
		"vue-property-decorator": {
			"version": "9.1.2",
			"resolved": "https://registry.npmjs.org/vue-property-decorator/-/vue-property-decorator-9.1.2.tgz",
			"integrity": "sha512-xYA8MkZynPBGd/w5QFJ2d/NM0z/YeegMqYTphy7NJQXbZcuU6FC6AOdUAcy4SXP+YnkerC6AfH+ldg7PDk9ESQ=="
		}
	}
}
